
Microsoft Visual Studio Solution File, Format Version 12.00
# Visual Studio Version 17
VisualStudioVersion = 17.11.35312.102
MinimumVisualStudioVersion = 10.0.40219.1
Project("{FAE04EC0-301F-11D3-BF4B-00C04F79EFBC}") = "UnityPersonalPackageManagerServer", "UnityPersonalPackageManagerServer.csproj", "{F003EDA0-F5BB-4E16-955F-5E6ED70C86F8}"
EndProject
Global
	GlobalSection(SolutionConfigurationPlatforms) = preSolution
		Debug|Any CPU = Debug|Any CPU
		Release|Any CPU = Release|Any CPU
	EndGlobalSection
	GlobalSection(ProjectConfigurationPlatforms) = postSolution
		{F003EDA0-F5BB-4E16-955F-5E6ED70C86F8}.Debug|Any CPU.ActiveCfg = Debug|Any CPU
		{F003EDA0-F5BB-4E16-955F-5E6ED70C86F8}.Debug|Any CPU.Build.0 = Debug|Any CPU
		{F003EDA0-F5BB-4E16-955F-5E6ED70C86F8}.Release|Any CPU.ActiveCfg = Release|Any CPU
		{F003EDA0-F5BB-4E16-955F-5E6ED70C86F8}.Release|Any CPU.Build.0 = Release|Any CPU
	EndGlobalSection
	GlobalSection(SolutionProperties) = preSolution
		HideSolutionNode = FALSE
	EndGlobalSection
	GlobalSection(ExtensibilityGlobals) = postSolution
		SolutionGuid = {64AD494E-BF99-4C93-A376-F8DFFF49F386}
	EndGlobalSection
EndGlobal
